// !$*UTF8*$!
{
	archiveVersion = 1;
	classes = {
	};
	objectVersion = 56;
	objects = {

/* Begin PBXBuildFile section */
		60C553FA2B92E84300D8ECF8 /* AppDelegate.swift in Sources */ = {isa = PBXBuildFile; fileRef = 60C553F92B92E84300D8ECF8 /* AppDelegate.swift */; };
		60C553FC2B92E84300D8ECF8 /* SceneDelegate.swift in Sources */ = {isa = PBXBuildFile; fileRef = 60C553FB2B92E84300D8ECF8 /* SceneDelegate.swift */; };
		60C554032B92E84400D8ECF8 /* Assets.xcassets in Resources */ = {isa = PBXBuildFile; fileRef = 60C554022B92E84400D8ECF8 /* Assets.xcassets */; };
		60C554062B92E84400D8ECF8 /* LaunchScreen.storyboard in Resources */ = {isa = PBXBuildFile; fileRef = 60C554042B92E84400D8ECF8 /* LaunchScreen.storyboard */; };
		60C554112B92E9EF00D8ECF8 /* APIModel.swift in Sources */ = {isa = PBXBuildFile; fileRef = 60C554102B92E9EF00D8ECF8 /* APIModel.swift */; };
		60C554132B92EA8C00D8ECF8 /* APIViewModel.swift in Sources */ = {isa = PBXBuildFile; fileRef = 60C554122B92EA8C00D8ECF8 /* APIViewModel.swift */; };
		60C554172B92ECA700D8ECF8 /* PhotosViewController.swift in Sources */ = {isa = PBXBuildFile; fileRef = 60C554152B92ECA700D8ECF8 /* PhotosViewController.swift */; };
		60C5541B2B92EEEF00D8ECF8 /* PhotoCollectionViewCell.swift in Sources */ = {isa = PBXBuildFile; fileRef = 60C554192B92EEEF00D8ECF8 /* PhotoCollectionViewCell.swift */; };
		60C5541F2B92FCBA00D8ECF8 /* HomePageViewController.swift in Sources */ = {isa = PBXBuildFile; fileRef = 60C5541D2B92FCBA00D8ECF8 /* HomePageViewController.swift */; };
/* End PBXBuildFile section */

/* Begin PBXFileReference section */
		60C553F62B92E84300D8ECF8 /* TintTint.app */ = {isa = PBXFileReference; explicitFileType = wrapper.application; includeInIndex = 0; path = TintTint.app; sourceTree = BUILT_PRODUCTS_DIR; };
		60C553F92B92E84300D8ECF8 /* AppDelegate.swift */ = {isa = PBXFileReference; lastKnownFileType = sourcecode.swift; path = AppDelegate.swift; sourceTree = "<group>"; };
		60C553FB2B92E84300D8ECF8 /* SceneDelegate.swift */ = {isa = PBXFileReference; lastKnownFileType = sourcecode.swift; path = SceneDelegate.swift; sourceTree = "<group>"; };
		60C554022B92E84400D8ECF8 /* Assets.xcassets */ = {isa = PBXFileReference; lastKnownFileType = folder.assetcatalog; path = Assets.xcassets; sourceTree = "<group>"; };
		60C554052B92E84400D8ECF8 /* Base */ = {isa = PBXFileReference; lastKnownFileType = file.storyboard; name = Base; path = Base.lproj/LaunchScreen.storyboard; sourceTree = "<group>"; };
		60C554072B92E84400D8ECF8 /* Info.plist */ = {isa = PBXFileReference; lastKnownFileType = text.plist.xml; path = Info.plist; sourceTree = "<group>"; };
		60C554102B92E9EF00D8ECF8 /* APIModel.swift */ = {isa = PBXFileReference; lastKnownFileType = sourcecode.swift; path = APIModel.swift; sourceTree = "<group>"; };
		60C554122B92EA8C00D8ECF8 /* APIViewModel.swift */ = {isa = PBXFileReference; lastKnownFileType = sourcecode.swift; path = APIViewModel.swift; sourceTree = "<group>"; };
		60C554152B92ECA700D8ECF8 /* PhotosViewController.swift */ = {isa = PBXFileReference; lastKnownFileType = sourcecode.swift; path = PhotosViewController.swift; sourceTree = "<group>"; };
		60C554192B92EEEF00D8ECF8 /* PhotoCollectionViewCell.swift */ = {isa = PBXFileReference; lastKnownFileType = sourcecode.swift; path = PhotoCollectionViewCell.swift; sourceTree = "<group>"; };
		60C5541D2B92FCBA00D8ECF8 /* HomePageViewController.swift */ = {isa = PBXFileReference; lastKnownFileType = sourcecode.swift; path = HomePageViewController.swift; sourceTree = "<group>"; };
/* End PBXFileReference section */

/* Begin PBXFrameworksBuildPhase section */
		60C553F32B92E84300D8ECF8 /* Frameworks */ = {
			isa = PBXFrameworksBuildPhase;
			buildActionMask = 2147483647;
			files = (
			);
			runOnlyForDeploymentPostprocessing = 0;
		};
/* End PBXFrameworksBuildPhase section */

/* Begin PBXGroup section */
		60C553ED2B92E84300D8ECF8 = {
			isa = PBXGroup;
			children = (
				60C553F82B92E84300D8ECF8 /* TintTint */,
				60C553F72B92E84300D8ECF8 /* Products */,
			);
			sourceTree = "<group>";
		};
		60C553F72B92E84300D8ECF8 /* Products */ = {
			isa = PBXGroup;
			children = (
				60C553F62B92E84300D8ECF8 /* TintTint.app */,
			);
			name = Products;
			sourceTree = "<group>";
		};
		60C553F82B92E84300D8ECF8 /* TintTint */ = {
			isa = PBXGroup;
			children = (
				60C553F92B92E84300D8ECF8 /* AppDelegate.swift */,
				60C553FB2B92E84300D8ECF8 /* SceneDelegate.swift */,
				60C5540F2B92E87100D8ECF8 /* ViewControllers */,
				60C554142B92EBB100D8ECF8 /* Views */,
				60C5540E2B92E86900D8ECF8 /* ViewModels */,
				60C5540D2B92E85A00D8ECF8 /* Models */,
				60C554022B92E84400D8ECF8 /* Assets.xcassets */,
				60C554042B92E84400D8ECF8 /* LaunchScreen.storyboard */,
				60C554072B92E84400D8ECF8 /* Info.plist */,
			);
			path = TintTint;
			sourceTree = "<group>";
		};
		60C5540D2B92E85A00D8ECF8 /* Models */ = {
			isa = PBXGroup;
			children = (
				60C554102B92E9EF00D8ECF8 /* APIModel.swift */,
			);
			path = Models;
			sourceTree = "<group>";
		};
		60C5540E2B92E86900D8ECF8 /* ViewModels */ = {
			isa = PBXGroup;
			children = (
				60C554122B92EA8C00D8ECF8 /* APIViewModel.swift */,
			);
			path = ViewModels;
			sourceTree = "<group>";
		};
		60C5540F2B92E87100D8ECF8 /* ViewControllers */ = {
			isa = PBXGroup;
			children = (
				60C5541D2B92FCBA00D8ECF8 /* HomePageViewController.swift */,
				60C554152B92ECA700D8ECF8 /* PhotosViewController.swift */,
			);
			path = ViewControllers;
			sourceTree = "<group>";
		};
		60C554142B92EBB100D8ECF8 /* Views */ = {
			isa = PBXGroup;
			children = (
				60C554192B92EEEF00D8ECF8 /* PhotoCollectionViewCell.swift */,
			);
			path = Views;
			sourceTree = "<group>";
		};
/* End PBXGroup section */

/* Begin PBXNativeTarget section */
		60C553F52B92E84300D8ECF8 /* TintTint */ = {
			isa = PBXNativeTarget;
			buildConfigurationList = 60C5540A2B92E84400D8ECF8 /* Build configuration list for PBXNativeTarget "TintTint" */;
			buildPhases = (
				60C553F22B92E84300D8ECF8 /* Sources */,
				60C553F32B92E84300D8ECF8 /* Frameworks */,
				60C553F42B92E84300D8ECF8 /* Resources */,
			);
			buildRules = (
			);
			dependencies = (
			);
			name = TintTint;
			productName = TintTint;
			productReference = 60C553F62B92E84300D8ECF8 /* TintTint.app */;
			productType = "com.apple.product-type.application";
		};
/* End PBXNativeTarget section */

/* Begin PBXProject section */
		60C553EE2B92E84300D8ECF8 /* Project object */ = {
			isa = PBXProject;
			attributes = {
				BuildIndependentTargetsInParallel = 1;
				LastSwiftUpdateCheck = 1520;
				LastUpgradeCheck = 1520;
				TargetAttributes = {
					60C553F52B92E84300D8ECF8 = {
						CreatedOnToolsVersion = 15.2;
					};
				};
			};
			buildConfigurationList = 60C553F12B92E84300D8ECF8 /* Build configuration list for PBXProject "TintTint" */;
			compatibilityVersion = "Xcode 14.0";
			developmentRegion = en;
			hasScannedForEncodings = 0;
			knownRegions = (
				en,
				Base,
			);
			mainGroup = 60C553ED2B92E84300D8ECF8;
			productRefGroup = 60C553F72B92E84300D8ECF8 /* Products */;
			projectDirPath = "";
			projectRoot = "";
			targets = (
				60C553F52B92E84300D8ECF8 /* TintTint */,
			);
		};
/* End PBXProject section */

/* Begin PBXResourcesBuildPhase section */
		60C553F42B92E84300D8ECF8 /* Resources */ = {
			isa = PBXResourcesBuildPhase;
			buildActionMask = 2147483647;
			files = (
				60C554062B92E84400D8ECF8 /* LaunchScreen.storyboard in Resources */,
				60C554032B92E84400D8ECF8 /* Assets.xcassets in Resources */,
			);
			runOnlyForDeploymentPostprocessing = 0;
		};
/* End PBXResourcesBuildPhase section */

/* Begin PBXSourcesBuildPhase section */
		60C553F22B92E84300D8ECF8 /* Sources */ = {
			isa = PBXSourcesBuildPhase;
			buildActionMask = 2147483647;
			files = (
				60C554172B92ECA700D8ECF8 /* PhotosViewController.swift in Sources */,
				60C554112B92E9EF00D8ECF8 /* APIModel.swift in Sources */,
				60C554132B92EA8C00D8ECF8 /* APIViewModel.swift in Sources */,
				60C5541F2B92FCBA00D8ECF8 /* HomePageViewController.swift in Sources */,
				60C5541B2B92EEEF00D8ECF8 /* PhotoCollectionViewCell.swift in Sources */,
				60C553FA2B92E84300D8ECF8 /* AppDelegate.swift in Sources */,
				60C553FC2B92E84300D8ECF8 /* SceneDelegate.swift in Sources */,
			);
			runOnlyForDeploymentPostprocessing = 0;
		};
/* End PBXSourcesBuildPhase section */

/* Begin PBXVariantGroup section */
		60C554042B92E84400D8ECF8 /* LaunchScreen.storyboard */ = {
			isa = PBXVariantGroup;
			children = (
				60C554052B92E84400D8ECF8 /* Base */,
			);
			name = LaunchScreen.storyboard;
			sourceTree = "<group>";
		};
/* End PBXVariantGroup section */

/* Begin XCBuildConfiguration section */
		60C554082B92E84400D8ECF8 /* Debug */ = {
			isa = XCBuildConfiguration;
			buildSettings = {
				ALWAYS_SEARCH_USER_PATHS = NO;
				ASSETCATALOG_COMPILER_GENERATE_SWIFT_ASSET_SYMBOL_EXTENSIONS = YES;
				CLANG_ANALYZER_NONNULL = YES;
				CLANG_ANALYZER_NUMBER_OBJECT_CONVERSION = YES_AGGRESSIVE;
				CLANG_CXX_LANGUAGE_STANDARD = "gnu++20";
				CLANG_ENABLE_MODULES = YES;
				CLANG_ENABLE_OBJC_ARC = YES;
				CLANG_ENABLE_OBJC_WEAK = YES;
				CLANG_WARN_BLOCK_CAPTURE_AUTORELEASING = YES;
				CLANG_WARN_BOOL_CONVERSION = YES;
				CLANG_WARN_COMMA = YES;
				CLANG_WARN_CONSTANT_CONVERSION = YES;
				CLANG_WARN_DEPRECATED_OBJC_IMPLEMENTATIONS = YES;
				CLANG_WARN_DIRECT_OBJC_ISA_USAGE = YES_ERROR;
				CLANG_WARN_DOCUMENTATION_COMMENTS = YES;
				CLANG_WARN_EMPTY_BODY = YES;
				CLANG_WARN_ENUM_CONVERSION = YES;
				CLANG_WARN_INFINITE_RECURSION = YES;
				CLANG_WARN_INT_CONVERSION = YES;
				CLANG_WARN_NON_LITERAL_NULL_CONVERSION = YES;
				CLANG_WARN_OBJC_IMPLICIT_RETAIN_SELF = YES;
				CLANG_WARN_OBJC_LITERAL_CONVERSION = YES;
				CLANG_WARN_OBJC_ROOT_CLASS = YES_ERROR;
				CLANG_WARN_QUOTED_INCLUDE_IN_FRAMEWORK_HEADER = YES;
				CLANG_WARN_RANGE_LOOP_ANALYSIS = YES;
				CLANG_WARN_STRICT_PROTOTYPES = YES;
				CLANG_WARN_SUSPICIOUS_MOVE = YES;
				CLANG_WARN_UNGUARDED_AVAILABILITY = YES_AGGRESSIVE;
				CLANG_WARN_UNREACHABLE_CODE = YES;
				CLANG_WARN__DUPLICATE_METHOD_MATCH = YES;
				COPY_PHASE_STRIP = NO;
				DEBUG_INFORMATION_FORMAT = dwarf;
				ENABLE_STRICT_OBJC_MSGSEND = YES;
				ENABLE_TESTABILITY = YES;
				ENABLE_USER_SCRIPT_SANDBOXING = YES;
				GCC_C_LANGUAGE_STANDARD = gnu17;
				GCC_DYNAMIC_NO_PIC = NO;
				GCC_NO_COMMON_BLOCKS = YES;
				GCC_OPTIMIZATION_LEVEL = 0;
				GCC_PREPROCESSOR_DEFINITIONS = (
					"DEBUG=1",
					"$(inherited)",
				);
				GCC_WARN_64_TO_32_BIT_CONVERSION = YES;
				GCC_WARN_ABOUT_RETURN_TYPE = YES_ERROR;
				GCC_WARN_UNDECLARED_SELECTOR = YES;
				GCC_WARN_UNINITIALIZED_AUTOS = YES_AGGRESSIVE;
				GCC_WARN_UNUSED_FUNCTION = YES;
				GCC_WARN_UNUSED_VARIABLE = YES;
				IPHONEOS_DEPLOYMENT_TARGET = 17.2;
				LOCALIZATION_PREFERS_STRING_CATALOGS = YES;
				MTL_ENABLE_DEBUG_INFO = INCLUDE_SOURCE;
				MTL_FAST_MATH = YES;
				ONLY_ACTIVE_ARCH = YES;
				SDKROOT = iphoneos;
				SWIFT_ACTIVE_COMPILATION_CONDITIONS = "DEBUG $(inherited)";
				SWIFT_OPTIMIZATION_LEVEL = "-Onone";
			};
			name = Debug;
		};
		60C554092B92E84400D8ECF8 /* Release */ = {
			isa = XCBuildConfiguration;
			buildSettings = {
				ALWAYS_SEARCH_USER_PATHS = NO;
				ASSETCATALOG_COMPILER_GENERATE_SWIFT_ASSET_SYMBOL_EXTENSIONS = YES;
				CLANG_ANALYZER_NONNULL = YES;
				CLANG_ANALYZER_NUMBER_OBJECT_CONVERSION = YES_AGGRESSIVE;
				CLANG_CXX_LANGUAGE_STANDARD = "gnu++20";
				CLANG_ENABLE_MODULES = YES;
				CLANG_ENABLE_OBJC_ARC = YES;
				CLANG_ENABLE_OBJC_WEAK = YES;
				CLANG_WARN_BLOCK_CAPTURE_AUTORELEASING = YES;
				CLANG_WARN_BOOL_CONVERSION = YES;
				CLANG_WARN_COMMA = YES;
				CLANG_WARN_CONSTANT_CONVERSION = YES;
				CLANG_WARN_DEPRECATED_OBJC_IMPLEMENTATIONS = YES;
				CLANG_WARN_DIRECT_OBJC_ISA_USAGE = YES_ERROR;
				CLANG_WARN_DOCUMENTATION_COMMENTS = YES;
				CLANG_WARN_EMPTY_BODY = YES;
				CLANG_WARN_ENUM_CONVERSION = YES;
				CLANG_WARN_INFINITE_RECURSION = YES;
				CLANG_WARN_INT_CONVERSION = YES;
				CLANG_WARN_NON_LITERAL_NULL_CONVERSION = YES;
				CLANG_WARN_OBJC_IMPLICIT_RETAIN_SELF = YES;
				CLANG_WARN_OBJC_LITERAL_CONVERSION = YES;
				CLANG_WARN_OBJC_ROOT_CLASS = YES_ERROR;
				CLANG_WARN_QUOTED_INCLUDE_IN_FRAMEWORK_HEADER = YES;
				CLANG_WARN_RANGE_LOOP_ANALYSIS = YES;
				CLANG_WARN_STRICT_PROTOTYPES = YES;
				CLANG_WARN_SUSPICIOUS_MOVE = YES;
				CLANG_WARN_UNGUARDED_AVAILABILITY = YES_AGGRESSIVE;
				CLANG_WARN_UNREACHABLE_CODE = YES;
				CLANG_WARN__DUPLICATE_METHOD_MATCH = YES;
				COPY_PHASE_STRIP = NO;
				DEBUG_INFORMATION_FORMAT = "dwarf-with-dsym";
				ENABLE_NS_ASSERTIONS = NO;
				ENABLE_STRICT_OBJC_MSGSEND = YES;
				ENABLE_USER_SCRIPT_SANDBOXING = YES;
				GCC_C_LANGUAGE_STANDARD = gnu17;
				GCC_NO_COMMON_BLOCKS = YES;
				GCC_WARN_64_TO_32_BIT_CONVERSION = YES;
				GCC_WARN_ABOUT_RETURN_TYPE = YES_ERROR;
				GCC_WARN_UNDECLARED_SELECTOR = YES;
				GCC_WARN_UNINITIALIZED_AUTOS = YES_AGGRESSIVE;
				GCC_WARN_UNUSED_FUNCTION = YES;
				GCC_WARN_UNUSED_VARIABLE = YES;
				IPHONEOS_DEPLOYMENT_TARGET = 17.2;
				LOCALIZATION_PREFERS_STRING_CATALOGS = YES;
				MTL_ENABLE_DEBUG_INFO = NO;
				MTL_FAST_MATH = YES;
				SDKROOT = iphoneos;
				SWIFT_COMPILATION_MODE = wholemodule;
				VALIDATE_PRODUCT = YES;
			};
			name = Release;
		};
		60C5540B2B92E84400D8ECF8 /* Debug */ = {
			isa = XCBuildConfiguration;
			buildSettings = {
				ASSETCATALOG_COMPILER_APPICON_NAME = AppIcon;
				ASSETCATALOG_COMPILER_GLOBAL_ACCENT_COLOR_NAME = AccentColor;
				CODE_SIGN_STYLE = Automatic;
				CURRENT_PROJECT_VERSION = 1;
				GENERATE_INFOPLIST_FILE = YES;
				INFOPLIST_FILE = TintTint/Info.plist;
				INFOPLIST_KEY_UIApplicationSupportsIndirectInputEvents = YES;
				INFOPLIST_KEY_UILaunchStoryboardName = LaunchScreen;
				INFOPLIST_KEY_UISupportedInterfaceOrientations_iPad = "UIInterfaceOrientationPortrait UIInterfaceOrientationPortraitUpsideDown UIInterfaceOrientationLandscapeLeft UIInterfaceOrientationLandscapeRight";
				INFOPLIST_KEY_UISupportedInterfaceOrientations_iPhone = "UIInterfaceOrientationPortrait UIInterfaceOrientationLandscapeLeft UIInterfaceOrientationLandscapeRight";
				LD_RUNPATH_SEARCH_PATHS = (
					"$(inherited)",
					"@executable_path/Frameworks",
				);
				MARKETING_VERSION = 1.0;
				PRODUCT_BUNDLE_IDENTIFIER = Billy.TintTint;
				PRODUCT_NAME = "$(TARGET_NAME)";
				SWIFT_EMIT_LOC_STRINGS = YES;
				SWIFT_VERSION = 5.0;
				TARGETED_DEVICE_FAMILY = "1,2";
			};
			name = Debug;
		};
		60C5540C2B92E84400D8ECF8 /* Release */ = {
			isa = XCBuildConfiguration;
			buildSettings = {
				ASSETCATALOG_COMPILER_APPICON_NAME = AppIcon;
				ASSETCATALOG_COMPILER_GLOBAL_ACCENT_COLOR_NAME = AccentColor;
				CODE_SIGN_STYLE = Automatic;
				CURRENT_PROJECT_VERSION = 1;
				GENERATE_INFOPLIST_FILE = YES;
				INFOPLIST_FILE = TintTint/Info.plist;
				INFOPLIST_KEY_UIApplicationSupportsIndirectInputEvents = YES;
				INFOPLIST_KEY_UILaunchStoryboardName = LaunchScreen;
				INFOPLIST_KEY_UISupportedInterfaceOrientations_iPad = "UIInterfaceOrientationPortrait UIInterfaceOrientationPortraitUpsideDown UIInterfaceOrientationLandscapeLeft UIInterfaceOrientationLandscapeRight";
				INFOPLIST_KEY_UISupportedInterfaceOrientations_iPhone = "UIInterfaceOrientationPortrait UIInterfaceOrientationLandscapeLeft UIInterfaceOrientationLandscapeRight";
				LD_RUNPATH_SEARCH_PATHS = (
					"$(inherited)",
					"@executable_path/Frameworks",
				);
				MARKETING_VERSION = 1.0;
				PRODUCT_BUNDLE_IDENTIFIER = Billy.TintTint;
				PRODUCT_NAME = "$(TARGET_NAME)";
				SWIFT_EMIT_LOC_STRINGS = YES;
				SWIFT_VERSION = 5.0;
				TARGETED_DEVICE_FAMILY = "1,2";
			};
			name = Release;
		};
/* End XCBuildConfiguration section */

/* Begin XCConfigurationList section */
		60C553F12B92E84300D8ECF8 /* Build configuration list for PBXProject "TintTint" */ = {
			isa = XCConfigurationList;
			buildConfigurations = (
				60C554082B92E84400D8ECF8 /* Debug */,
				60C554092B92E84400D8ECF8 /* Release */,
			);
			defaultConfigurationIsVisible = 0;
			defaultConfigurationName = Release;
		};
		60C5540A2B92E84400D8ECF8 /* Build configuration list for PBXNativeTarget "TintTint" */ = {
			isa = XCConfigurationList;
			buildConfigurations = (
				60C5540B2B92E84400D8ECF8 /* Debug */,
				60C5540C2B92E84400D8ECF8 /* Release */,
			);
			defaultConfigurationIsVisible = 0;
			defaultConfigurationName = Release;
		};
/* End XCConfigurationList section */
	};
	rootObject = 60C553EE2B92E84300D8ECF8 /* Project object */;
}
